
Microsoft Visual Studio Solution File, Format Version 12.00
# Visual Studio Version 16
VisualStudioVersion = 16.0.31613.86
MinimumVisualStudioVersion = 10.0.40219.1
Project("{9A19103F-16F7-4668-BE54-9A1E7A4F7556}") = "azure_66.common", "azure_66.common\azure_66.common.csproj", "{225FF518-7C79-4021-B438-299678D9901C}"
EndProject
Project("{9A19103F-16F7-4668-BE54-9A1E7A4F7556}") = "azure_66.functions", "azure_66.functions\azure_66.functions.csproj", "{C54403FF-0E2D-44F0-880F-A7B45941D65E}"
EndProject
Project("{FAE04EC0-301F-11D3-BF4B-00C04F79EFBC}") = "azure_66.test", "azure_66.test\azure_66.test.csproj", "{49E3F7A9-21B0-4201-B5D2-97F5614041B8}"
EndProject
Global
	GlobalSection(SolutionConfigurationPlatforms) = preSolution
		Debug|Any CPU = Debug|Any CPU
		Release|Any CPU = Release|Any CPU
	EndGlobalSection
	GlobalSection(ProjectConfigurationPlatforms) = postSolution
		{225FF518-7C79-4021-B438-299678D9901C}.Debug|Any CPU.ActiveCfg = Debug|Any CPU
		{225FF518-7C79-4021-B438-299678D9901C}.Debug|Any CPU.Build.0 = Debug|Any CPU
		{225FF518-7C79-4021-B438-299678D9901C}.Release|Any CPU.ActiveCfg = Release|Any CPU
		{225FF518-7C79-4021-B438-299678D9901C}.Release|Any CPU.Build.0 = Release|Any CPU
		{C54403FF-0E2D-44F0-880F-A7B45941D65E}.Debug|Any CPU.ActiveCfg = Debug|Any CPU
		{C54403FF-0E2D-44F0-880F-A7B45941D65E}.Debug|Any CPU.Build.0 = Debug|Any CPU
		{C54403FF-0E2D-44F0-880F-A7B45941D65E}.Release|Any CPU.ActiveCfg = Release|Any CPU
		{C54403FF-0E2D-44F0-880F-A7B45941D65E}.Release|Any CPU.Build.0 = Release|Any CPU
		{49E3F7A9-21B0-4201-B5D2-97F5614041B8}.Debug|Any CPU.ActiveCfg = Debug|Any CPU
		{49E3F7A9-21B0-4201-B5D2-97F5614041B8}.Debug|Any CPU.Build.0 = Debug|Any CPU
		{49E3F7A9-21B0-4201-B5D2-97F5614041B8}.Release|Any CPU.ActiveCfg = Release|Any CPU
		{49E3F7A9-21B0-4201-B5D2-97F5614041B8}.Release|Any CPU.Build.0 = Release|Any CPU
	EndGlobalSection
	GlobalSection(SolutionProperties) = preSolution
		HideSolutionNode = FALSE
	EndGlobalSection
	GlobalSection(ExtensibilityGlobals) = postSolution
		SolutionGuid = {87202C67-3021-430B-99FB-1D682C7F5FD2}
	EndGlobalSection
EndGlobal
